
Microsoft Visual Studio Solution File, Format Version 12.00
# Visual Studio Version 17
VisualStudioVersion = 17.8.34330.188
MinimumVisualStudioVersion = 10.0.40219.1
Project("{8BC9CEB8-8B4A-11D0-8D11-00A0C91BC942}") = "20240111_Static", "20240111_Static.vcxproj", "{2F45D375-6C06-4966-83B6-3100F38A14D0}"
EndProject
Global
	GlobalSection(SolutionConfigurationPlatforms) = preSolution
		Debug|x64 = Debug|x64
		Debug|x86 = Debug|x86
		Release|x64 = Release|x64
		Release|x86 = Release|x86
	EndGlobalSection
	GlobalSection(ProjectConfigurationPlatforms) = postSolution
		{2F45D375-6C06-4966-83B6-3100F38A14D0}.Debug|x64.ActiveCfg = Debug|x64
		{2F45D375-6C06-4966-83B6-3100F38A14D0}.Debug|x64.Build.0 = Debug|x64
		{2F45D375-6C06-4966-83B6-3100F38A14D0}.Debug|x86.ActiveCfg = Debug|Win32
		{2F45D375-6C06-4966-83B6-3100F38A14D0}.Debug|x86.Build.0 = Debug|Win32
		{2F45D375-6C06-4966-83B6-3100F38A14D0}.Release|x64.ActiveCfg = Release|x64
		{2F45D375-6C06-4966-83B6-3100F38A14D0}.Release|x64.Build.0 = Release|x64
		{2F45D375-6C06-4966-83B6-3100F38A14D0}.Release|x86.ActiveCfg = Release|Win32
		{2F45D375-6C06-4966-83B6-3100F38A14D0}.Release|x86.Build.0 = Release|Win32
	EndGlobalSection
	GlobalSection(SolutionProperties) = preSolution
		HideSolutionNode = FALSE
	EndGlobalSection
	GlobalSection(ExtensibilityGlobals) = postSolution
		SolutionGuid = {DBD16DED-B79F-4AB9-BACC-CABC0B0F9A47}
	EndGlobalSection
EndGlobal
