
Microsoft Visual Studio Solution File, Format Version 12.00
# Visual Studio Version 17
VisualStudioVersion = 17.8.34330.188
MinimumVisualStudioVersion = 10.0.40219.1
Project("{8BC9CEB8-8B4A-11D0-8D11-00A0C91BC942}") = "240122_InsertionSort", "240122_InsertionSort.vcxproj", "{E8B58C5B-59C0-49E7-93FF-316E6E99821D}"
EndProject
Global
	GlobalSection(SolutionConfigurationPlatforms) = preSolution
		Debug|x64 = Debug|x64
		Debug|x86 = Debug|x86
		Release|x64 = Release|x64
		Release|x86 = Release|x86
	EndGlobalSection
	GlobalSection(ProjectConfigurationPlatforms) = postSolution
		{E8B58C5B-59C0-49E7-93FF-316E6E99821D}.Debug|x64.ActiveCfg = Debug|x64
		{E8B58C5B-59C0-49E7-93FF-316E6E99821D}.Debug|x64.Build.0 = Debug|x64
		{E8B58C5B-59C0-49E7-93FF-316E6E99821D}.Debug|x86.ActiveCfg = Debug|Win32
		{E8B58C5B-59C0-49E7-93FF-316E6E99821D}.Debug|x86.Build.0 = Debug|Win32
		{E8B58C5B-59C0-49E7-93FF-316E6E99821D}.Release|x64.ActiveCfg = Release|x64
		{E8B58C5B-59C0-49E7-93FF-316E6E99821D}.Release|x64.Build.0 = Release|x64
		{E8B58C5B-59C0-49E7-93FF-316E6E99821D}.Release|x86.ActiveCfg = Release|Win32
		{E8B58C5B-59C0-49E7-93FF-316E6E99821D}.Release|x86.Build.0 = Release|Win32
	EndGlobalSection
	GlobalSection(SolutionProperties) = preSolution
		HideSolutionNode = FALSE
	EndGlobalSection
	GlobalSection(ExtensibilityGlobals) = postSolution
		SolutionGuid = {DEC4D0F6-F41B-4911-9178-149FED01139F}
	EndGlobalSection
EndGlobal
