
Microsoft Visual Studio Solution File, Format Version 12.00
# Visual Studio Version 17
VisualStudioVersion = 17.8.34330.188
MinimumVisualStudioVersion = 10.0.40219.1
Project("{FAE04EC0-301F-11D3-BF4B-00C04F79EFBC}") = "20240205_Collections", "20240205_Collections.csproj", "{1B2A0E45-051A-4A62-B419-86EE0187DE1B}"
EndProject
Global
	GlobalSection(SolutionConfigurationPlatforms) = preSolution
		Debug|Any CPU = Debug|Any CPU
		Release|Any CPU = Release|Any CPU
	EndGlobalSection
	GlobalSection(ProjectConfigurationPlatforms) = postSolution
		{1B2A0E45-051A-4A62-B419-86EE0187DE1B}.Debug|Any CPU.ActiveCfg = Debug|Any CPU
		{1B2A0E45-051A-4A62-B419-86EE0187DE1B}.Debug|Any CPU.Build.0 = Debug|Any CPU
		{1B2A0E45-051A-4A62-B419-86EE0187DE1B}.Release|Any CPU.ActiveCfg = Release|Any CPU
		{1B2A0E45-051A-4A62-B419-86EE0187DE1B}.Release|Any CPU.Build.0 = Release|Any CPU
	EndGlobalSection
	GlobalSection(SolutionProperties) = preSolution
		HideSolutionNode = FALSE
	EndGlobalSection
	GlobalSection(ExtensibilityGlobals) = postSolution
		SolutionGuid = {19103FED-49D6-4429-AF7B-C6657D0CFF81}
	EndGlobalSection
EndGlobal
