
Microsoft Visual Studio Solution File, Format Version 12.00
# Visual Studio Version 17
VisualStudioVersion = 17.8.34330.188
MinimumVisualStudioVersion = 10.0.40219.1
Project("{FAE04EC0-301F-11D3-BF4B-00C04F79EFBC}") = "20240124_DataType", "20240124_DataType.csproj", "{2E07A0AB-7621-44E2-BE87-025BF3E8748D}"
EndProject
Global
	GlobalSection(SolutionConfigurationPlatforms) = preSolution
		Debug|Any CPU = Debug|Any CPU
		Release|Any CPU = Release|Any CPU
	EndGlobalSection
	GlobalSection(ProjectConfigurationPlatforms) = postSolution
		{2E07A0AB-7621-44E2-BE87-025BF3E8748D}.Debug|Any CPU.ActiveCfg = Debug|Any CPU
		{2E07A0AB-7621-44E2-BE87-025BF3E8748D}.Debug|Any CPU.Build.0 = Debug|Any CPU
		{2E07A0AB-7621-44E2-BE87-025BF3E8748D}.Release|Any CPU.ActiveCfg = Release|Any CPU
		{2E07A0AB-7621-44E2-BE87-025BF3E8748D}.Release|Any CPU.Build.0 = Release|Any CPU
	EndGlobalSection
	GlobalSection(SolutionProperties) = preSolution
		HideSolutionNode = FALSE
	EndGlobalSection
	GlobalSection(ExtensibilityGlobals) = postSolution
		SolutionGuid = {F07F997C-A74F-4347-BB70-422E241A1CBE}
	EndGlobalSection
EndGlobal
