
Microsoft Visual Studio Solution File, Format Version 12.00
# Visual Studio Version 17
VisualStudioVersion = 17.8.34330.188
MinimumVisualStudioVersion = 10.0.40219.1
Project("{FAE04EC0-301F-11D3-BF4B-00C04F79EFBC}") = "20240130_Struct", "20240130_Struct.csproj", "{A6AF1BFB-554B-4A64-88DF-93179E173C7C}"
EndProject
Global
	GlobalSection(SolutionConfigurationPlatforms) = preSolution
		Debug|Any CPU = Debug|Any CPU
		Release|Any CPU = Release|Any CPU
	EndGlobalSection
	GlobalSection(ProjectConfigurationPlatforms) = postSolution
		{A6AF1BFB-554B-4A64-88DF-93179E173C7C}.Debug|Any CPU.ActiveCfg = Debug|Any CPU
		{A6AF1BFB-554B-4A64-88DF-93179E173C7C}.Debug|Any CPU.Build.0 = Debug|Any CPU
		{A6AF1BFB-554B-4A64-88DF-93179E173C7C}.Release|Any CPU.ActiveCfg = Release|Any CPU
		{A6AF1BFB-554B-4A64-88DF-93179E173C7C}.Release|Any CPU.Build.0 = Release|Any CPU
	EndGlobalSection
	GlobalSection(SolutionProperties) = preSolution
		HideSolutionNode = FALSE
	EndGlobalSection
	GlobalSection(ExtensibilityGlobals) = postSolution
		SolutionGuid = {C29E8EA4-F684-4AF8-B61F-94E49400D1E2}
	EndGlobalSection
EndGlobal
