
Microsoft Visual Studio Solution File, Format Version 12.00
# Visual Studio Version 17
VisualStudioVersion = 17.8.34330.188
MinimumVisualStudioVersion = 10.0.40219.1
Project("{FAE04EC0-301F-11D3-BF4B-00C04F79EFBC}") = "20240201_Template", "20240201_Template.csproj", "{70D5C46C-44C0-41AB-896C-3A94FFB75192}"
EndProject
Global
	GlobalSection(SolutionConfigurationPlatforms) = preSolution
		Debug|Any CPU = Debug|Any CPU
		Release|Any CPU = Release|Any CPU
	EndGlobalSection
	GlobalSection(ProjectConfigurationPlatforms) = postSolution
		{70D5C46C-44C0-41AB-896C-3A94FFB75192}.Debug|Any CPU.ActiveCfg = Debug|Any CPU
		{70D5C46C-44C0-41AB-896C-3A94FFB75192}.Debug|Any CPU.Build.0 = Debug|Any CPU
		{70D5C46C-44C0-41AB-896C-3A94FFB75192}.Release|Any CPU.ActiveCfg = Release|Any CPU
		{70D5C46C-44C0-41AB-896C-3A94FFB75192}.Release|Any CPU.Build.0 = Release|Any CPU
	EndGlobalSection
	GlobalSection(SolutionProperties) = preSolution
		HideSolutionNode = FALSE
	EndGlobalSection
	GlobalSection(ExtensibilityGlobals) = postSolution
		SolutionGuid = {1AE86770-7DC2-4CCB-B333-28DF9F88991A}
	EndGlobalSection
EndGlobal
